// !$*UTF8*$!
{
	archiveVersion = 1;
	classes = {
	};
	objectVersion = 50;
	objects = {

/* Begin PBXBuildFile section */
		A0737B8D24D17302004384FA /* Storage.swift in Sources */ = {isa = PBXBuildFile; fileRef = A0737B8C24D17302004384FA /* Storage.swift */; };
		A845606724CF47B7005EF569 /* AppDelegate.swift in Sources */ = {isa = PBXBuildFile; fileRef = A845606624CF47B7005EF569 /* AppDelegate.swift */; };
		A845606924CF47B7005EF569 /* SceneDelegate.swift in Sources */ = {isa = PBXBuildFile; fileRef = A845606824CF47B7005EF569 /* SceneDelegate.swift */; };
		A845606B24CF47B7005EF569 /* ContentView.swift in Sources */ = {isa = PBXBuildFile; fileRef = A845606A24CF47B7005EF569 /* ContentView.swift */; };
		A845606D24CF47BA005EF569 /* Assets.xcassets in Resources */ = {isa = PBXBuildFile; fileRef = A845606C24CF47BA005EF569 /* Assets.xcassets */; };
		A845607024CF47BA005EF569 /* Preview Assets.xcassets in Resources */ = {isa = PBXBuildFile; fileRef = A845606F24CF47BA005EF569 /* Preview Assets.xcassets */; };
		A845607324CF47BA005EF569 /* LaunchScreen.storyboard in Resources */ = {isa = PBXBuildFile; fileRef = A845607124CF47BA005EF569 /* LaunchScreen.storyboard */; };
		A845607B24CF4F58005EF569 /* TimeCounter.swift in Sources */ = {isa = PBXBuildFile; fileRef = A845607A24CF4F58005EF569 /* TimeCounter.swift */; };
		A845607D24CF556A005EF569 /* RegisterView.swift in Sources */ = {isa = PBXBuildFile; fileRef = A845607C24CF556A005EF569 /* RegisterView.swift */; };
		A845607F24CF56C7005EF569 /* UserManager.swift in Sources */ = {isa = PBXBuildFile; fileRef = A845607E24CF56C7005EF569 /* UserManager.swift */; };
		A845608124CF5945005EF569 /* StarterView.swift in Sources */ = {isa = PBXBuildFile; fileRef = A845608024CF5945005EF569 /* StarterView.swift */; };
/* End PBXBuildFile section */

/* Begin PBXFileReference section */
		A0737B8C24D17302004384FA /* Storage.swift */ = {isa = PBXFileReference; lastKnownFileType = sourcecode.swift; path = Storage.swift; sourceTree = "<group>"; };
		A845606324CF47B7005EF569 /* StateAndDataFlow.app */ = {isa = PBXFileReference; explicitFileType = wrapper.application; includeInIndex = 0; path = StateAndDataFlow.app; sourceTree = BUILT_PRODUCTS_DIR; };
		A845606624CF47B7005EF569 /* AppDelegate.swift */ = {isa = PBXFileReference; lastKnownFileType = sourcecode.swift; path = AppDelegate.swift; sourceTree = "<group>"; };
		A845606824CF47B7005EF569 /* SceneDelegate.swift */ = {isa = PBXFileReference; lastKnownFileType = sourcecode.swift; path = SceneDelegate.swift; sourceTree = "<group>"; };
		A845606A24CF47B7005EF569 /* ContentView.swift */ = {isa = PBXFileReference; lastKnownFileType = sourcecode.swift; path = ContentView.swift; sourceTree = "<group>"; };
		A845606C24CF47BA005EF569 /* Assets.xcassets */ = {isa = PBXFileReference; lastKnownFileType = folder.assetcatalog; path = Assets.xcassets; sourceTree = "<group>"; };
		A845606F24CF47BA005EF569 /* Preview Assets.xcassets */ = {isa = PBXFileReference; lastKnownFileType = folder.assetcatalog; path = "Preview Assets.xcassets"; sourceTree = "<group>"; };
		A845607224CF47BA005EF569 /* Base */ = {isa = PBXFileReference; lastKnownFileType = file.storyboard; name = Base; path = Base.lproj/LaunchScreen.storyboard; sourceTree = "<group>"; };
		A845607424CF47BA005EF569 /* Info.plist */ = {isa = PBXFileReference; lastKnownFileType = text.plist.xml; path = Info.plist; sourceTree = "<group>"; };
		A845607A24CF4F58005EF569 /* TimeCounter.swift */ = {isa = PBXFileReference; lastKnownFileType = sourcecode.swift; path = TimeCounter.swift; sourceTree = "<group>"; };
		A845607C24CF556A005EF569 /* RegisterView.swift */ = {isa = PBXFileReference; lastKnownFileType = sourcecode.swift; path = RegisterView.swift; sourceTree = "<group>"; };
		A845607E24CF56C7005EF569 /* UserManager.swift */ = {isa = PBXFileReference; lastKnownFileType = sourcecode.swift; path = UserManager.swift; sourceTree = "<group>"; };
		A845608024CF5945005EF569 /* StarterView.swift */ = {isa = PBXFileReference; lastKnownFileType = sourcecode.swift; path = StarterView.swift; sourceTree = "<group>"; };
/* End PBXFileReference section */

/* Begin PBXFrameworksBuildPhase section */
		A845606024CF47B7005EF569 /* Frameworks */ = {
			isa = PBXFrameworksBuildPhase;
			buildActionMask = 2147483647;
			files = (
			);
			runOnlyForDeploymentPostprocessing = 0;
		};
/* End PBXFrameworksBuildPhase section */

/* Begin PBXGroup section */
		A845605A24CF47B7005EF569 = {
			isa = PBXGroup;
			children = (
				A845606524CF47B7005EF569 /* StateAndDataFlow */,
				A845606424CF47B7005EF569 /* Products */,
			);
			sourceTree = "<group>";
		};
		A845606424CF47B7005EF569 /* Products */ = {
			isa = PBXGroup;
			children = (
				A845606324CF47B7005EF569 /* StateAndDataFlow.app */,
			);
			name = Products;
			sourceTree = "<group>";
		};
		A845606524CF47B7005EF569 /* StateAndDataFlow */ = {
			isa = PBXGroup;
			children = (
				A845606624CF47B7005EF569 /* AppDelegate.swift */,
				A845606824CF47B7005EF569 /* SceneDelegate.swift */,
				A845606A24CF47B7005EF569 /* ContentView.swift */,
				A845607A24CF4F58005EF569 /* TimeCounter.swift */,
				A845607C24CF556A005EF569 /* RegisterView.swift */,
				A845608024CF5945005EF569 /* StarterView.swift */,
				A0737B8C24D17302004384FA /* Storage.swift */,
				A845607E24CF56C7005EF569 /* UserManager.swift */,
				A845606C24CF47BA005EF569 /* Assets.xcassets */,
				A845607124CF47BA005EF569 /* LaunchScreen.storyboard */,
				A845607424CF47BA005EF569 /* Info.plist */,
				A845606E24CF47BA005EF569 /* Preview Content */,
			);
			path = StateAndDataFlow;
			sourceTree = "<group>";
		};
		A845606E24CF47BA005EF569 /* Preview Content */ = {
			isa = PBXGroup;
			children = (
				A845606F24CF47BA005EF569 /* Preview Assets.xcassets */,
			);
			path = "Preview Content";
			sourceTree = "<group>";
		};
/* End PBXGroup section */

/* Begin PBXNativeTarget section */
		A845606224CF47B7005EF569 /* StateAndDataFlow */ = {
			isa = PBXNativeTarget;
			buildConfigurationList = A845607724CF47BA005EF569 /* Build configuration list for PBXNativeTarget "StateAndDataFlow" */;
			buildPhases = (
				A845605F24CF47B7005EF569 /* Sources */,
				A845606024CF47B7005EF569 /* Frameworks */,
				A845606124CF47B7005EF569 /* Resources */,
			);
			buildRules = (
			);
			dependencies = (
			);
			name = StateAndDataFlow;
			productName = StateAndDataFlow;
			productReference = A845606324CF47B7005EF569 /* StateAndDataFlow.app */;
			productType = "com.apple.product-type.application";
		};
/* End PBXNativeTarget section */

/* Begin PBXProject section */
		A845605B24CF47B7005EF569 /* Project object */ = {
			isa = PBXProject;
			attributes = {
				LastSwiftUpdateCheck = 1160;
				LastUpgradeCheck = 1160;
				ORGANIZATIONNAME = "Alexey Efimov";
				TargetAttributes = {
					A845606224CF47B7005EF569 = {
						CreatedOnToolsVersion = 11.6;
					};
				};
			};
			buildConfigurationList = A845605E24CF47B7005EF569 /* Build configuration list for PBXProject "StateAndDataFlow" */;
			compatibilityVersion = "Xcode 9.3";
			developmentRegion = en;
			hasScannedForEncodings = 0;
			knownRegions = (
				en,
				Base,
			);
			mainGroup = A845605A24CF47B7005EF569;
			productRefGroup = A845606424CF47B7005EF569 /* Products */;
			projectDirPath = "";
			projectRoot = "";
			targets = (
				A845606224CF47B7005EF569 /* StateAndDataFlow */,
			);
		};
/* End PBXProject section */

/* Begin PBXResourcesBuildPhase section */
		A845606124CF47B7005EF569 /* Resources */ = {
			isa = PBXResourcesBuildPhase;
			buildActionMask = 2147483647;
			files = (
				A845607324CF47BA005EF569 /* LaunchScreen.storyboard in Resources */,
				A845607024CF47BA005EF569 /* Preview Assets.xcassets in Resources */,
				A845606D24CF47BA005EF569 /* Assets.xcassets in Resources */,
			);
			runOnlyForDeploymentPostprocessing = 0;
		};
/* End PBXResourcesBuildPhase section */

/* Begin PBXSourcesBuildPhase section */
		A845605F24CF47B7005EF569 /* Sources */ = {
			isa = PBXSourcesBuildPhase;
			buildActionMask = 2147483647;
			files = (
				A845608124CF5945005EF569 /* StarterView.swift in Sources */,
				A845607F24CF56C7005EF569 /* UserManager.swift in Sources */,
				A845606724CF47B7005EF569 /* AppDelegate.swift in Sources */,
				A0737B8D24D17302004384FA /* Storage.swift in Sources */,
				A845607D24CF556A005EF569 /* RegisterView.swift in Sources */,
				A845606924CF47B7005EF569 /* SceneDelegate.swift in Sources */,
				A845606B24CF47B7005EF569 /* ContentView.swift in Sources */,
				A845607B24CF4F58005EF569 /* TimeCounter.swift in Sources */,
			);
			runOnlyForDeploymentPostprocessing = 0;
		};
/* End PBXSourcesBuildPhase section */

/* Begin PBXVariantGroup section */
		A845607124CF47BA005EF569 /* LaunchScreen.storyboard */ = {
			isa = PBXVariantGroup;
			children = (
				A845607224CF47BA005EF569 /* Base */,
			);
			name = LaunchScreen.storyboard;
			sourceTree = "<group>";
		};
/* End PBXVariantGroup section */

/* Begin XCBuildConfiguration section */
		A845607524CF47BA005EF569 /* Debug */ = {
			isa = XCBuildConfiguration;
			buildSettings = {
				ALWAYS_SEARCH_USER_PATHS = NO;
				CLANG_ANALYZER_NONNULL = YES;
				CLANG_ANALYZER_NUMBER_OBJECT_CONVERSION = YES_AGGRESSIVE;
				CLANG_CXX_LANGUAGE_STANDARD = "gnu++14";
				CLANG_CXX_LIBRARY = "libc++";
				CLANG_ENABLE_MODULES = YES;
				CLANG_ENABLE_OBJC_ARC = YES;
				CLANG_ENABLE_OBJC_WEAK = YES;
				CLANG_WARN_BLOCK_CAPTURE_AUTORELEASING = YES;
				CLANG_WARN_BOOL_CONVERSION = YES;
				CLANG_WARN_COMMA = YES;
				CLANG_WARN_CONSTANT_CONVERSION = YES;
				CLANG_WARN_DEPRECATED_OBJC_IMPLEMENTATIONS = YES;
				CLANG_WARN_DIRECT_OBJC_ISA_USAGE = YES_ERROR;
				CLANG_WARN_DOCUMENTATION_COMMENTS = YES;
				CLANG_WARN_EMPTY_BODY = YES;
				CLANG_WARN_ENUM_CONVERSION = YES;
				CLANG_WARN_INFINITE_RECURSION = YES;
				CLANG_WARN_INT_CONVERSION = YES;
				CLANG_WARN_NON_LITERAL_NULL_CONVERSION = YES;
				CLANG_WARN_OBJC_IMPLICIT_RETAIN_SELF = YES;
				CLANG_WARN_OBJC_LITERAL_CONVERSION = YES;
				CLANG_WARN_OBJC_ROOT_CLASS = YES_ERROR;
				CLANG_WARN_RANGE_LOOP_ANALYSIS = YES;
				CLANG_WARN_STRICT_PROTOTYPES = YES;
				CLANG_WARN_SUSPICIOUS_MOVE = YES;
				CLANG_WARN_UNGUARDED_AVAILABILITY = YES_AGGRESSIVE;
				CLANG_WARN_UNREACHABLE_CODE = YES;
				CLANG_WARN__DUPLICATE_METHOD_MATCH = YES;
				COPY_PHASE_STRIP = NO;
				DEBUG_INFORMATION_FORMAT = dwarf;
				ENABLE_STRICT_OBJC_MSGSEND = YES;
				ENABLE_TESTABILITY = YES;
				GCC_C_LANGUAGE_STANDARD = gnu11;
				GCC_DYNAMIC_NO_PIC = NO;
				GCC_NO_COMMON_BLOCKS = YES;
				GCC_OPTIMIZATION_LEVEL = 0;
				GCC_PREPROCESSOR_DEFINITIONS = (
					"DEBUG=1",
					"$(inherited)",
				);
				GCC_WARN_64_TO_32_BIT_CONVERSION = YES;
				GCC_WARN_ABOUT_RETURN_TYPE = YES_ERROR;
				GCC_WARN_UNDECLARED_SELECTOR = YES;
				GCC_WARN_UNINITIALIZED_AUTOS = YES_AGGRESSIVE;
				GCC_WARN_UNUSED_FUNCTION = YES;
				GCC_WARN_UNUSED_VARIABLE = YES;
				IPHONEOS_DEPLOYMENT_TARGET = 13.2;
				MTL_ENABLE_DEBUG_INFO = INCLUDE_SOURCE;
				MTL_FAST_MATH = YES;
				ONLY_ACTIVE_ARCH = YES;
				SDKROOT = iphoneos;
				SWIFT_ACTIVE_COMPILATION_CONDITIONS = DEBUG;
				SWIFT_OPTIMIZATION_LEVEL = "-Onone";
			};
			name = Debug;
		};
		A845607624CF47BA005EF569 /* Release */ = {
			isa = XCBuildConfiguration;
			buildSettings = {
				ALWAYS_SEARCH_USER_PATHS = NO;
				CLANG_ANALYZER_NONNULL = YES;
				CLANG_ANALYZER_NUMBER_OBJECT_CONVERSION = YES_AGGRESSIVE;
				CLANG_CXX_LANGUAGE_STANDARD = "gnu++14";
				CLANG_CXX_LIBRARY = "libc++";
				CLANG_ENABLE_MODULES = YES;
				CLANG_ENABLE_OBJC_ARC = YES;
				CLANG_ENABLE_OBJC_WEAK = YES;
				CLANG_WARN_BLOCK_CAPTURE_AUTORELEASING = YES;
				CLANG_WARN_BOOL_CONVERSION = YES;
				CLANG_WARN_COMMA = YES;
				CLANG_WARN_CONSTANT_CONVERSION = YES;
				CLANG_WARN_DEPRECATED_OBJC_IMPLEMENTATIONS = YES;
				CLANG_WARN_DIRECT_OBJC_ISA_USAGE = YES_ERROR;
				CLANG_WARN_DOCUMENTATION_COMMENTS = YES;
				CLANG_WARN_EMPTY_BODY = YES;
				CLANG_WARN_ENUM_CONVERSION = YES;
				CLANG_WARN_INFINITE_RECURSION = YES;
				CLANG_WARN_INT_CONVERSION = YES;
				CLANG_WARN_NON_LITERAL_NULL_CONVERSION = YES;
				CLANG_WARN_OBJC_IMPLICIT_RETAIN_SELF = YES;
				CLANG_WARN_OBJC_LITERAL_CONVERSION = YES;
				CLANG_WARN_OBJC_ROOT_CLASS = YES_ERROR;
				CLANG_WARN_RANGE_LOOP_ANALYSIS = YES;
				CLANG_WARN_STRICT_PROTOTYPES = YES;
				CLANG_WARN_SUSPICIOUS_MOVE = YES;
				CLANG_WARN_UNGUARDED_AVAILABILITY = YES_AGGRESSIVE;
				CLANG_WARN_UNREACHABLE_CODE = YES;
				CLANG_WARN__DUPLICATE_METHOD_MATCH = YES;
				COPY_PHASE_STRIP = NO;
				DEBUG_INFORMATION_FORMAT = "dwarf-with-dsym";
				ENABLE_NS_ASSERTIONS = NO;
				ENABLE_STRICT_OBJC_MSGSEND = YES;
				GCC_C_LANGUAGE_STANDARD = gnu11;
				GCC_NO_COMMON_BLOCKS = YES;
				GCC_WARN_64_TO_32_BIT_CONVERSION = YES;
				GCC_WARN_ABOUT_RETURN_TYPE = YES_ERROR;
				GCC_WARN_UNDECLARED_SELECTOR = YES;
				GCC_WARN_UNINITIALIZED_AUTOS = YES_AGGRESSIVE;
				GCC_WARN_UNUSED_FUNCTION = YES;
				GCC_WARN_UNUSED_VARIABLE = YES;
				IPHONEOS_DEPLOYMENT_TARGET = 13.2;
				MTL_ENABLE_DEBUG_INFO = NO;
				MTL_FAST_MATH = YES;
				SDKROOT = iphoneos;
				SWIFT_COMPILATION_MODE = wholemodule;
				SWIFT_OPTIMIZATION_LEVEL = "-O";
				VALIDATE_PRODUCT = YES;
			};
			name = Release;
		};
		A845607824CF47BA005EF569 /* Debug */ = {
			isa = XCBuildConfiguration;
			buildSettings = {
				ASSETCATALOG_COMPILER_APPICON_NAME = AppIcon;
				CODE_SIGN_STYLE = Automatic;
				DEVELOPMENT_ASSET_PATHS = "\"StateAndDataFlow/Preview Content\"";
				DEVELOPMENT_TEAM = 2SFU59SCCX;
				ENABLE_PREVIEWS = YES;
				INFOPLIST_FILE = StateAndDataFlow/Info.plist;
				LD_RUNPATH_SEARCH_PATHS = (
					"$(inherited)",
					"@executable_path/Frameworks",
				);
				PRODUCT_BUNDLE_IDENTIFIER = ru.swiftbook.StateAndDataFlow;
				PRODUCT_NAME = "$(TARGET_NAME)";
				SWIFT_VERSION = 5.0;
				TARGETED_DEVICE_FAMILY = "1,2";
			};
			name = Debug;
		};
		A845607924CF47BA005EF569 /* Release */ = {
			isa = XCBuildConfiguration;
			buildSettings = {
				ASSETCATALOG_COMPILER_APPICON_NAME = AppIcon;
				CODE_SIGN_STYLE = Automatic;
				DEVELOPMENT_ASSET_PATHS = "\"StateAndDataFlow/Preview Content\"";
				DEVELOPMENT_TEAM = 2SFU59SCCX;
				ENABLE_PREVIEWS = YES;
				INFOPLIST_FILE = StateAndDataFlow/Info.plist;
				LD_RUNPATH_SEARCH_PATHS = (
					"$(inherited)",
					"@executable_path/Frameworks",
				);
				PRODUCT_BUNDLE_IDENTIFIER = ru.swiftbook.StateAndDataFlow;
				PRODUCT_NAME = "$(TARGET_NAME)";
				SWIFT_VERSION = 5.0;
				TARGETED_DEVICE_FAMILY = "1,2";
			};
			name = Release;
		};
/* End XCBuildConfiguration section */

/* Begin XCConfigurationList section */
		A845605E24CF47B7005EF569 /* Build configuration list for PBXProject "StateAndDataFlow" */ = {
			isa = XCConfigurationList;
			buildConfigurations = (
				A845607524CF47BA005EF569 /* Debug */,
				A845607624CF47BA005EF569 /* Release */,
			);
			defaultConfigurationIsVisible = 0;
			defaultConfigurationName = Release;
		};
		A845607724CF47BA005EF569 /* Build configuration list for PBXNativeTarget "StateAndDataFlow" */ = {
			isa = XCConfigurationList;
			buildConfigurations = (
				A845607824CF47BA005EF569 /* Debug */,
				A845607924CF47BA005EF569 /* Release */,
			);
			defaultConfigurationIsVisible = 0;
			defaultConfigurationName = Release;
		};
/* End XCConfigurationList section */
	};
	rootObject = A845605B24CF47B7005EF569 /* Project object */;
}
